// !$*UTF8*$!
{
	archiveVersion = 1;
	classes = {
	};
	objectVersion = 48;
	objects = {

/* Begin PBXBuildFile section */
		09A21B46209F3C42005EACCB /* ProductsTableViewController.swift in Sources */ = {isa = PBXBuildFile; fileRef = 09A21B45209F3C42005EACCB /* ProductsTableViewController.swift */; };
		09A21B49209F3D81005EACCB /* ProductViewController.swift in Sources */ = {isa = PBXBuildFile; fileRef = 09A21B48209F3D81005EACCB /* ProductViewController.swift */; };
		09A21B4D209F7A35005EACCB /* AjusteViewController.swift in Sources */ = {isa = PBXBuildFile; fileRef = 09A21B4C209F7A35005EACCB /* AjusteViewController.swift */; };
		09A21B4F209F7AA1005EACCB /* TotalComprasViewController.swift in Sources */ = {isa = PBXBuildFile; fileRef = 09A21B4E209F7AA1005EACCB /* TotalComprasViewController.swift */; };
		09A21B52209FCC79005EACCB /* UIViewController+CoreData.swift in Sources */ = {isa = PBXBuildFile; fileRef = 09A21B51209FCC79005EACCB /* UIViewController+CoreData.swift */; };
		AC749477208EA35000C874AE /* AppDelegate.swift in Sources */ = {isa = PBXBuildFile; fileRef = AC749476208EA35000C874AE /* AppDelegate.swift */; };
		AC749479208EA35000C874AE /* ViewController.swift in Sources */ = {isa = PBXBuildFile; fileRef = AC749478208EA35000C874AE /* ViewController.swift */; };
		AC74947C208EA35000C874AE /* Main.storyboard in Resources */ = {isa = PBXBuildFile; fileRef = AC74947A208EA35000C874AE /* Main.storyboard */; };
		AC74947F208EA35000C874AE /* Everton_Satoru_Hiraga_Kishi.xcdatamodeld in Sources */ = {isa = PBXBuildFile; fileRef = AC74947D208EA35000C874AE /* Everton_Satoru_Hiraga_Kishi.xcdatamodeld */; };
		AC749481208EA35000C874AE /* Assets.xcassets in Resources */ = {isa = PBXBuildFile; fileRef = AC749480208EA35000C874AE /* Assets.xcassets */; };
		AC749484208EA35000C874AE /* LaunchScreen.storyboard in Resources */ = {isa = PBXBuildFile; fileRef = AC749482208EA35000C874AE /* LaunchScreen.storyboard */; };
/* End PBXBuildFile section */

/* Begin PBXFileReference section */
		09A21B45209F3C42005EACCB /* ProductsTableViewController.swift */ = {isa = PBXFileReference; lastKnownFileType = sourcecode.swift; path = ProductsTableViewController.swift; sourceTree = "<group>"; };
		09A21B48209F3D81005EACCB /* ProductViewController.swift */ = {isa = PBXFileReference; lastKnownFileType = sourcecode.swift; path = ProductViewController.swift; sourceTree = "<group>"; };
		09A21B4C209F7A35005EACCB /* AjusteViewController.swift */ = {isa = PBXFileReference; lastKnownFileType = sourcecode.swift; path = AjusteViewController.swift; sourceTree = "<group>"; };
		09A21B4E209F7AA1005EACCB /* TotalComprasViewController.swift */ = {isa = PBXFileReference; lastKnownFileType = sourcecode.swift; path = TotalComprasViewController.swift; sourceTree = "<group>"; };
		09A21B51209FCC79005EACCB /* UIViewController+CoreData.swift */ = {isa = PBXFileReference; lastKnownFileType = sourcecode.swift; path = "UIViewController+CoreData.swift"; sourceTree = "<group>"; };
		AC749473208EA34F00C874AE /* ComprasUSA.app */ = {isa = PBXFileReference; explicitFileType = wrapper.application; includeInIndex = 0; path = ComprasUSA.app; sourceTree = BUILT_PRODUCTS_DIR; };
		AC749476208EA35000C874AE /* AppDelegate.swift */ = {isa = PBXFileReference; lastKnownFileType = sourcecode.swift; path = AppDelegate.swift; sourceTree = "<group>"; };
		AC749478208EA35000C874AE /* ViewController.swift */ = {isa = PBXFileReference; lastKnownFileType = sourcecode.swift; path = ViewController.swift; sourceTree = "<group>"; };
		AC74947B208EA35000C874AE /* Base */ = {isa = PBXFileReference; lastKnownFileType = file.storyboard; name = Base; path = Base.lproj/Main.storyboard; sourceTree = "<group>"; };
		AC74947E208EA35000C874AE /* Everton_Satoru_Hiraga_Kishi.xcdatamodel */ = {isa = PBXFileReference; lastKnownFileType = wrapper.xcdatamodel; path = Everton_Satoru_Hiraga_Kishi.xcdatamodel; sourceTree = "<group>"; };
		AC749480208EA35000C874AE /* Assets.xcassets */ = {isa = PBXFileReference; lastKnownFileType = folder.assetcatalog; path = Assets.xcassets; sourceTree = "<group>"; };
		AC749483208EA35000C874AE /* Base */ = {isa = PBXFileReference; lastKnownFileType = file.storyboard; name = Base; path = Base.lproj/LaunchScreen.storyboard; sourceTree = "<group>"; };
		AC749485208EA35000C874AE /* Info.plist */ = {isa = PBXFileReference; lastKnownFileType = text.plist.xml; path = Info.plist; sourceTree = "<group>"; };
/* End PBXFileReference section */

/* Begin PBXFrameworksBuildPhase section */
		AC749470208EA34F00C874AE /* Frameworks */ = {
			isa = PBXFrameworksBuildPhase;
			buildActionMask = 2147483647;
			files = (
			);
			runOnlyForDeploymentPostprocessing = 0;
		};
/* End PBXFrameworksBuildPhase section */

/* Begin PBXGroup section */
		09A21B47209F3C51005EACCB /* Compras */ = {
			isa = PBXGroup;
			children = (
				09A21B45209F3C42005EACCB /* ProductsTableViewController.swift */,
				09A21B48209F3D81005EACCB /* ProductViewController.swift */,
			);
			path = Compras;
			sourceTree = "<group>";
		};
		09A21B4A209F79BF005EACCB /* Ajustes */ = {
			isa = PBXGroup;
			children = (
				09A21B4C209F7A35005EACCB /* AjusteViewController.swift */,
			);
			path = Ajustes;
			sourceTree = "<group>";
		};
		09A21B4B209F79CB005EACCB /* Total de Compras */ = {
			isa = PBXGroup;
			children = (
				09A21B4E209F7AA1005EACCB /* TotalComprasViewController.swift */,
			);
			path = "Total de Compras";
			sourceTree = "<group>";
		};
		09A21B50209FCC59005EACCB /* Extensions */ = {
			isa = PBXGroup;
			children = (
				09A21B51209FCC79005EACCB /* UIViewController+CoreData.swift */,
			);
			path = Extensions;
			sourceTree = "<group>";
		};
		AC74946A208EA34F00C874AE = {
			isa = PBXGroup;
			children = (
				AC749475208EA34F00C874AE /* Everton Satoru Hiraga Kishi */,
				AC749474208EA34F00C874AE /* Products */,
			);
			sourceTree = "<group>";
		};
		AC749474208EA34F00C874AE /* Products */ = {
			isa = PBXGroup;
			children = (
				AC749473208EA34F00C874AE /* ComprasUSA.app */,
			);
			name = Products;
			sourceTree = "<group>";
		};
		AC749475208EA34F00C874AE /* Everton Satoru Hiraga Kishi */ = {
			isa = PBXGroup;
			children = (
				09A21B50209FCC59005EACCB /* Extensions */,
				09A21B4B209F79CB005EACCB /* Total de Compras */,
				09A21B4A209F79BF005EACCB /* Ajustes */,
				09A21B47209F3C51005EACCB /* Compras */,
				AC749476208EA35000C874AE /* AppDelegate.swift */,
				AC749478208EA35000C874AE /* ViewController.swift */,
				AC74947A208EA35000C874AE /* Main.storyboard */,
				AC749480208EA35000C874AE /* Assets.xcassets */,
				AC749482208EA35000C874AE /* LaunchScreen.storyboard */,
				AC749485208EA35000C874AE /* Info.plist */,
				AC74947D208EA35000C874AE /* Everton_Satoru_Hiraga_Kishi.xcdatamodeld */,
			);
			path = "Everton Satoru Hiraga Kishi";
			sourceTree = "<group>";
		};
/* End PBXGroup section */

/* Begin PBXNativeTarget section */
		AC749472208EA34F00C874AE /* ComprasUSA */ = {
			isa = PBXNativeTarget;
			buildConfigurationList = AC749488208EA35000C874AE /* Build configuration list for PBXNativeTarget "ComprasUSA" */;
			buildPhases = (
				AC74946F208EA34F00C874AE /* Sources */,
				AC749470208EA34F00C874AE /* Frameworks */,
				AC749471208EA34F00C874AE /* Resources */,
			);
			buildRules = (
			);
			dependencies = (
			);
			name = ComprasUSA;
			productName = "Everton Satoru Hiraga Kishi";
			productReference = AC749473208EA34F00C874AE /* ComprasUSA.app */;
			productType = "com.apple.product-type.application";
		};
/* End PBXNativeTarget section */

/* Begin PBXProject section */
		AC74946B208EA34F00C874AE /* Project object */ = {
			isa = PBXProject;
			attributes = {
				LastSwiftUpdateCheck = 0920;
				LastUpgradeCheck = 0920;
				ORGANIZATIONNAME = TrabalhoEricBrito;
				TargetAttributes = {
					AC749472208EA34F00C874AE = {
						CreatedOnToolsVersion = 9.2;
						ProvisioningStyle = Automatic;
					};
				};
			};
			buildConfigurationList = AC74946E208EA34F00C874AE /* Build configuration list for PBXProject "ComprasUSA" */;
			compatibilityVersion = "Xcode 8.0";
			developmentRegion = en;
			hasScannedForEncodings = 0;
			knownRegions = (
				en,
				Base,
			);
			mainGroup = AC74946A208EA34F00C874AE;
			productRefGroup = AC749474208EA34F00C874AE /* Products */;
			projectDirPath = "";
			projectRoot = "";
			targets = (
				AC749472208EA34F00C874AE /* ComprasUSA */,
			);
		};
/* End PBXProject section */

/* Begin PBXResourcesBuildPhase section */
		AC749471208EA34F00C874AE /* Resources */ = {
			isa = PBXResourcesBuildPhase;
			buildActionMask = 2147483647;
			files = (
				AC749484208EA35000C874AE /* LaunchScreen.storyboard in Resources */,
				AC749481208EA35000C874AE /* Assets.xcassets in Resources */,
				AC74947C208EA35000C874AE /* Main.storyboard in Resources */,
			);
			runOnlyForDeploymentPostprocessing = 0;
		};
/* End PBXResourcesBuildPhase section */

/* Begin PBXSourcesBuildPhase section */
		AC74946F208EA34F00C874AE /* Sources */ = {
			isa = PBXSourcesBuildPhase;
			buildActionMask = 2147483647;
			files = (
				AC749479208EA35000C874AE /* ViewController.swift in Sources */,
				09A21B49209F3D81005EACCB /* ProductViewController.swift in Sources */,
				09A21B4D209F7A35005EACCB /* AjusteViewController.swift in Sources */,
				AC74947F208EA35000C874AE /* Everton_Satoru_Hiraga_Kishi.xcdatamodeld in Sources */,
				09A21B4F209F7AA1005EACCB /* TotalComprasViewController.swift in Sources */,
				09A21B52209FCC79005EACCB /* UIViewController+CoreData.swift in Sources */,
				09A21B46209F3C42005EACCB /* ProductsTableViewController.swift in Sources */,
				AC749477208EA35000C874AE /* AppDelegate.swift in Sources */,
			);
			runOnlyForDeploymentPostprocessing = 0;
		};
/* End PBXSourcesBuildPhase section */

/* Begin PBXVariantGroup section */
		AC74947A208EA35000C874AE /* Main.storyboard */ = {
			isa = PBXVariantGroup;
			children = (
				AC74947B208EA35000C874AE /* Base */,
			);
			name = Main.storyboard;
			sourceTree = "<group>";
		};
		AC749482208EA35000C874AE /* LaunchScreen.storyboard */ = {
			isa = PBXVariantGroup;
			children = (
				AC749483208EA35000C874AE /* Base */,
			);
			name = LaunchScreen.storyboard;
			sourceTree = "<group>";
		};
/* End PBXVariantGroup section */

/* Begin XCBuildConfiguration section */
		AC749486208EA35000C874AE /* Debug */ = {
			isa = XCBuildConfiguration;
			buildSettings = {
				ALWAYS_SEARCH_USER_PATHS = NO;
				CLANG_ANALYZER_NONNULL = YES;
				CLANG_ANALYZER_NUMBER_OBJECT_CONVERSION = YES_AGGRESSIVE;
				CLANG_CXX_LANGUAGE_STANDARD = "gnu++14";
				CLANG_CXX_LIBRARY = "libc++";
				CLANG_ENABLE_MODULES = YES;
				CLANG_ENABLE_OBJC_ARC = YES;
				CLANG_WARN_BLOCK_CAPTURE_AUTORELEASING = YES;
				CLANG_WARN_BOOL_CONVERSION = YES;
				CLANG_WARN_COMMA = YES;
				CLANG_WARN_CONSTANT_CONVERSION = YES;
				CLANG_WARN_DIRECT_OBJC_ISA_USAGE = YES_ERROR;
				CLANG_WARN_DOCUMENTATION_COMMENTS = YES;
				CLANG_WARN_EMPTY_BODY = YES;
				CLANG_WARN_ENUM_CONVERSION = YES;
				CLANG_WARN_INFINITE_RECURSION = YES;
				CLANG_WARN_INT_CONVERSION = YES;
				CLANG_WARN_NON_LITERAL_NULL_CONVERSION = YES;
				CLANG_WARN_OBJC_LITERAL_CONVERSION = YES;
				CLANG_WARN_OBJC_ROOT_CLASS = YES_ERROR;
				CLANG_WARN_RANGE_LOOP_ANALYSIS = YES;
				CLANG_WARN_STRICT_PROTOTYPES = YES;
				CLANG_WARN_SUSPICIOUS_MOVE = YES;
				CLANG_WARN_UNGUARDED_AVAILABILITY = YES_AGGRESSIVE;
				CLANG_WARN_UNREACHABLE_CODE = YES;
				CLANG_WARN__DUPLICATE_METHOD_MATCH = YES;
				CODE_SIGN_IDENTITY = "iPhone Developer";
				COPY_PHASE_STRIP = NO;
				DEBUG_INFORMATION_FORMAT = dwarf;
				ENABLE_STRICT_OBJC_MSGSEND = YES;
				ENABLE_TESTABILITY = YES;
				GCC_C_LANGUAGE_STANDARD = gnu11;
				GCC_DYNAMIC_NO_PIC = NO;
				GCC_NO_COMMON_BLOCKS = YES;
				GCC_OPTIMIZATION_LEVEL = 0;
				GCC_PREPROCESSOR_DEFINITIONS = (
					"DEBUG=1",
					"$(inherited)",
				);
				GCC_WARN_64_TO_32_BIT_CONVERSION = YES;
				GCC_WARN_ABOUT_RETURN_TYPE = YES_ERROR;
				GCC_WARN_UNDECLARED_SELECTOR = YES;
				GCC_WARN_UNINITIALIZED_AUTOS = YES_AGGRESSIVE;
				GCC_WARN_UNUSED_FUNCTION = YES;
				GCC_WARN_UNUSED_VARIABLE = YES;
				IPHONEOS_DEPLOYMENT_TARGET = 11.2;
				MTL_ENABLE_DEBUG_INFO = YES;
				ONLY_ACTIVE_ARCH = YES;
				SDKROOT = iphoneos;
				SWIFT_ACTIVE_COMPILATION_CONDITIONS = DEBUG;
				SWIFT_OPTIMIZATION_LEVEL = "-Onone";
			};
			name = Debug;
		};
		AC749487208EA35000C874AE /* Release */ = {
			isa = XCBuildConfiguration;
			buildSettings = {
				ALWAYS_SEARCH_USER_PATHS = NO;
				CLANG_ANALYZER_NONNULL = YES;
				CLANG_ANALYZER_NUMBER_OBJECT_CONVERSION = YES_AGGRESSIVE;
				CLANG_CXX_LANGUAGE_STANDARD = "gnu++14";
				CLANG_CXX_LIBRARY = "libc++";
				CLANG_ENABLE_MODULES = YES;
				CLANG_ENABLE_OBJC_ARC = YES;
				CLANG_WARN_BLOCK_CAPTURE_AUTORELEASING = YES;
				CLANG_WARN_BOOL_CONVERSION = YES;
				CLANG_WARN_COMMA = YES;
				CLANG_WARN_CONSTANT_CONVERSION = YES;
				CLANG_WARN_DIRECT_OBJC_ISA_USAGE = YES_ERROR;
				CLANG_WARN_DOCUMENTATION_COMMENTS = YES;
				CLANG_WARN_EMPTY_BODY = YES;
				CLANG_WARN_ENUM_CONVERSION = YES;
				CLANG_WARN_INFINITE_RECURSION = YES;
				CLANG_WARN_INT_CONVERSION = YES;
				CLANG_WARN_NON_LITERAL_NULL_CONVERSION = YES;
				CLANG_WARN_OBJC_LITERAL_CONVERSION = YES;
				CLANG_WARN_OBJC_ROOT_CLASS = YES_ERROR;
				CLANG_WARN_RANGE_LOOP_ANALYSIS = YES;
				CLANG_WARN_STRICT_PROTOTYPES = YES;
				CLANG_WARN_SUSPICIOUS_MOVE = YES;
				CLANG_WARN_UNGUARDED_AVAILABILITY = YES_AGGRESSIVE;
				CLANG_WARN_UNREACHABLE_CODE = YES;
				CLANG_WARN__DUPLICATE_METHOD_MATCH = YES;
				CODE_SIGN_IDENTITY = "iPhone Developer";
				COPY_PHASE_STRIP = NO;
				DEBUG_INFORMATION_FORMAT = "dwarf-with-dsym";
				ENABLE_NS_ASSERTIONS = NO;
				ENABLE_STRICT_OBJC_MSGSEND = YES;
				GCC_C_LANGUAGE_STANDARD = gnu11;
				GCC_NO_COMMON_BLOCKS = YES;
				GCC_WARN_64_TO_32_BIT_CONVERSION = YES;
				GCC_WARN_ABOUT_RETURN_TYPE = YES_ERROR;
				GCC_WARN_UNDECLARED_SELECTOR = YES;
				GCC_WARN_UNINITIALIZED_AUTOS = YES_AGGRESSIVE;
				GCC_WARN_UNUSED_FUNCTION = YES;
				GCC_WARN_UNUSED_VARIABLE = YES;
				IPHONEOS_DEPLOYMENT_TARGET = 11.2;
				MTL_ENABLE_DEBUG_INFO = NO;
				SDKROOT = iphoneos;
				SWIFT_OPTIMIZATION_LEVEL = "-Owholemodule";
				VALIDATE_PRODUCT = YES;
			};
			name = Release;
		};
		AC749489208EA35000C874AE /* Debug */ = {
			isa = XCBuildConfiguration;
			buildSettings = {
				ASSETCATALOG_COMPILER_APPICON_NAME = AppIcon;
				CODE_SIGN_STYLE = Automatic;
				INFOPLIST_FILE = "Everton Satoru Hiraga Kishi/Info.plist";
				LD_RUNPATH_SEARCH_PATHS = "$(inherited) @executable_path/Frameworks";
				PRODUCT_BUNDLE_IDENTIFIER = "com.satoruchannel.Everton-Satoru-Hiraga-Kishi";
				PRODUCT_NAME = "$(TARGET_NAME)";
				SWIFT_VERSION = 4.0;
				TARGETED_DEVICE_FAMILY = "1,2";
			};
			name = Debug;
		};
		AC74948A208EA35000C874AE /* Release */ = {
			isa = XCBuildConfiguration;
			buildSettings = {
				ASSETCATALOG_COMPILER_APPICON_NAME = AppIcon;
				CODE_SIGN_STYLE = Automatic;
				INFOPLIST_FILE = "Everton Satoru Hiraga Kishi/Info.plist";
				LD_RUNPATH_SEARCH_PATHS = "$(inherited) @executable_path/Frameworks";
				PRODUCT_BUNDLE_IDENTIFIER = "com.satoruchannel.Everton-Satoru-Hiraga-Kishi";
				PRODUCT_NAME = "$(TARGET_NAME)";
				SWIFT_VERSION = 4.0;
				TARGETED_DEVICE_FAMILY = "1,2";
			};
			name = Release;
		};
/* End XCBuildConfiguration section */

/* Begin XCConfigurationList section */
		AC74946E208EA34F00C874AE /* Build configuration list for PBXProject "ComprasUSA" */ = {
			isa = XCConfigurationList;
			buildConfigurations = (
				AC749486208EA35000C874AE /* Debug */,
				AC749487208EA35000C874AE /* Release */,
			);
			defaultConfigurationIsVisible = 0;
			defaultConfigurationName = Release;
		};
		AC749488208EA35000C874AE /* Build configuration list for PBXNativeTarget "ComprasUSA" */ = {
			isa = XCConfigurationList;
			buildConfigurations = (
				AC749489208EA35000C874AE /* Debug */,
				AC74948A208EA35000C874AE /* Release */,
			);
			defaultConfigurationIsVisible = 0;
			defaultConfigurationName = Release;
		};
/* End XCConfigurationList section */

/* Begin XCVersionGroup section */
		AC74947D208EA35000C874AE /* Everton_Satoru_Hiraga_Kishi.xcdatamodeld */ = {
			isa = XCVersionGroup;
			children = (
				AC74947E208EA35000C874AE /* Everton_Satoru_Hiraga_Kishi.xcdatamodel */,
			);
			currentVersion = AC74947E208EA35000C874AE /* Everton_Satoru_Hiraga_Kishi.xcdatamodel */;
			path = Everton_Satoru_Hiraga_Kishi.xcdatamodeld;
			sourceTree = "<group>";
			versionGroupType = wrapper.xcdatamodel;
		};
/* End XCVersionGroup section */
	};
	rootObject = AC74946B208EA34F00C874AE /* Project object */;
}
